
Microsoft Visual Studio Solution File, Format Version 12.00
# Visual Studio Version 17
VisualStudioVersion = 17.9.34616.47
MinimumVisualStudioVersion = 10.0.40219.1
Project("{8BC9CEB8-8B4A-11D0-8D11-00A0C91BC942}") = "ParadigmaOOP2_0187", "ParadigmaOOP2_0187.vcxproj", "{A5126DFB-3E57-4120-B058-8F8D47A64C71}"
EndProject
Project("{8BC9CEB8-8B4A-11D0-8D11-00A0C91BC942}") = "ParadigmaOOP2_0187(2)", "ParadigmaOOP2_0187(2)\ParadigmaOOP2_0187(2).vcxproj", "{C86FA437-F348-4D8D-9F06-0CDF7B974D8D}"
EndProject
Project("{8BC9CEB8-8B4A-11D0-8D11-00A0C91BC942}") = "ParadigmaOOP2_187(3)", "ParadigmaOOP2_187(3)\ParadigmaOOP2_187(3).vcxproj", "{FCA87AC5-F85E-4D05-B70B-9016855167B3}"
EndProject
Project("{8BC9CEB8-8B4A-11D0-8D11-00A0C91BC942}") = "ParadigmaOOP2_187(4)", "ParadigmaOOP2_187(4)\ParadigmaOOP2_187(4).vcxproj", "{0B99B4F8-F04F-4A71-AFFE-BB1F6D04E82F}"
EndProject
Project("{8BC9CEB8-8B4A-11D0-8D11-00A0C91BC942}") = "ParadigmaOOP2_0187(5)", "ParadigmaOOP2_0187(5)\ParadigmaOOP2_0187(5).vcxproj", "{787E35B8-E847-44A0-B3D9-B6BA7E8E7E0A}"
EndProject
Project("{8BC9CEB8-8B4A-11D0-8D11-00A0C91BC942}") = "ParadigmaOOP2_0817(6)", "ParadigmaOOP2_0817(6)\ParadigmaOOP2_0817(6).vcxproj", "{B7831CB2-5788-4504-9A2D-C3F7A83C2A34}"
EndProject
Project("{8BC9CEB8-8B4A-11D0-8D11-00A0C91BC942}") = "ParadigmaOOP2_0187(7)", "ParadigmaOOP2_0187(7)\ParadigmaOOP2_0187(7).vcxproj", "{574C3FA3-12EF-4800-8D3B-C5BF64C4A685}"
EndProject
Project("{8BC9CEB8-8B4A-11D0-8D11-00A0C91BC942}") = "ParadigmaOOP2_0187(8)", "ParadigmaOOP2_0187(8)\ParadigmaOOP2_0187(8).vcxproj", "{2EB475DC-B029-4485-8249-24D3DAF85647}"
EndProject
Global
	GlobalSection(SolutionConfigurationPlatforms) = preSolution
		Debug|x64 = Debug|x64
		Debug|x86 = Debug|x86
		Release|x64 = Release|x64
		Release|x86 = Release|x86
	EndGlobalSection
	GlobalSection(ProjectConfigurationPlatforms) = postSolution
		{A5126DFB-3E57-4120-B058-8F8D47A64C71}.Debug|x64.ActiveCfg = Debug|x64
		{A5126DFB-3E57-4120-B058-8F8D47A64C71}.Debug|x64.Build.0 = Debug|x64
		{A5126DFB-3E57-4120-B058-8F8D47A64C71}.Debug|x86.ActiveCfg = Debug|Win32
		{A5126DFB-3E57-4120-B058-8F8D47A64C71}.Debug|x86.Build.0 = Debug|Win32
		{A5126DFB-3E57-4120-B058-8F8D47A64C71}.Release|x64.ActiveCfg = Release|x64
		{A5126DFB-3E57-4120-B058-8F8D47A64C71}.Release|x64.Build.0 = Release|x64
		{A5126DFB-3E57-4120-B058-8F8D47A64C71}.Release|x86.ActiveCfg = Release|Win32
		{A5126DFB-3E57-4120-B058-8F8D47A64C71}.Release|x86.Build.0 = Release|Win32
		{C86FA437-F348-4D8D-9F06-0CDF7B974D8D}.Debug|x64.ActiveCfg = Debug|x64
		{C86FA437-F348-4D8D-9F06-0CDF7B974D8D}.Debug|x64.Build.0 = Debug|x64
		{C86FA437-F348-4D8D-9F06-0CDF7B974D8D}.Debug|x86.ActiveCfg = Debug|Win32
		{C86FA437-F348-4D8D-9F06-0CDF7B974D8D}.Debug|x86.Build.0 = Debug|Win32
		{C86FA437-F348-4D8D-9F06-0CDF7B974D8D}.Release|x64.ActiveCfg = Release|x64
		{C86FA437-F348-4D8D-9F06-0CDF7B974D8D}.Release|x64.Build.0 = Release|x64
		{C86FA437-F348-4D8D-9F06-0CDF7B974D8D}.Release|x86.ActiveCfg = Release|Win32
		{C86FA437-F348-4D8D-9F06-0CDF7B974D8D}.Release|x86.Build.0 = Release|Win32
		{FCA87AC5-F85E-4D05-B70B-9016855167B3}.Debug|x64.ActiveCfg = Debug|x64
		{FCA87AC5-F85E-4D05-B70B-9016855167B3}.Debug|x64.Build.0 = Debug|x64
		{FCA87AC5-F85E-4D05-B70B-9016855167B3}.Debug|x86.ActiveCfg = Debug|Win32
		{FCA87AC5-F85E-4D05-B70B-9016855167B3}.Debug|x86.Build.0 = Debug|Win32
		{FCA87AC5-F85E-4D05-B70B-9016855167B3}.Release|x64.ActiveCfg = Release|x64
		{FCA87AC5-F85E-4D05-B70B-9016855167B3}.Release|x64.Build.0 = Release|x64
		{FCA87AC5-F85E-4D05-B70B-9016855167B3}.Release|x86.ActiveCfg = Release|Win32
		{FCA87AC5-F85E-4D05-B70B-9016855167B3}.Release|x86.Build.0 = Release|Win32
		{0B99B4F8-F04F-4A71-AFFE-BB1F6D04E82F}.Debug|x64.ActiveCfg = Debug|x64
		{0B99B4F8-F04F-4A71-AFFE-BB1F6D04E82F}.Debug|x64.Build.0 = Debug|x64
		{0B99B4F8-F04F-4A71-AFFE-BB1F6D04E82F}.Debug|x86.ActiveCfg = Debug|Win32
		{0B99B4F8-F04F-4A71-AFFE-BB1F6D04E82F}.Debug|x86.Build.0 = Debug|Win32
		{0B99B4F8-F04F-4A71-AFFE-BB1F6D04E82F}.Release|x64.ActiveCfg = Release|x64
		{0B99B4F8-F04F-4A71-AFFE-BB1F6D04E82F}.Release|x64.Build.0 = Release|x64
		{0B99B4F8-F04F-4A71-AFFE-BB1F6D04E82F}.Release|x86.ActiveCfg = Release|Win32
		{0B99B4F8-F04F-4A71-AFFE-BB1F6D04E82F}.Release|x86.Build.0 = Release|Win32
		{787E35B8-E847-44A0-B3D9-B6BA7E8E7E0A}.Debug|x64.ActiveCfg = Debug|x64
		{787E35B8-E847-44A0-B3D9-B6BA7E8E7E0A}.Debug|x64.Build.0 = Debug|x64
		{787E35B8-E847-44A0-B3D9-B6BA7E8E7E0A}.Debug|x86.ActiveCfg = Debug|Win32
		{787E35B8-E847-44A0-B3D9-B6BA7E8E7E0A}.Debug|x86.Build.0 = Debug|Win32
		{787E35B8-E847-44A0-B3D9-B6BA7E8E7E0A}.Release|x64.ActiveCfg = Release|x64
		{787E35B8-E847-44A0-B3D9-B6BA7E8E7E0A}.Release|x64.Build.0 = Release|x64
		{787E35B8-E847-44A0-B3D9-B6BA7E8E7E0A}.Release|x86.ActiveCfg = Release|Win32
		{787E35B8-E847-44A0-B3D9-B6BA7E8E7E0A}.Release|x86.Build.0 = Release|Win32
		{B7831CB2-5788-4504-9A2D-C3F7A83C2A34}.Debug|x64.ActiveCfg = Debug|x64
		{B7831CB2-5788-4504-9A2D-C3F7A83C2A34}.Debug|x64.Build.0 = Debug|x64
		{B7831CB2-5788-4504-9A2D-C3F7A83C2A34}.Debug|x86.ActiveCfg = Debug|Win32
		{B7831CB2-5788-4504-9A2D-C3F7A83C2A34}.Debug|x86.Build.0 = Debug|Win32
		{B7831CB2-5788-4504-9A2D-C3F7A83C2A34}.Release|x64.ActiveCfg = Release|x64
		{B7831CB2-5788-4504-9A2D-C3F7A83C2A34}.Release|x64.Build.0 = Release|x64
		{B7831CB2-5788-4504-9A2D-C3F7A83C2A34}.Release|x86.ActiveCfg = Release|Win32
		{B7831CB2-5788-4504-9A2D-C3F7A83C2A34}.Release|x86.Build.0 = Release|Win32
		{574C3FA3-12EF-4800-8D3B-C5BF64C4A685}.Debug|x64.ActiveCfg = Debug|x64
		{574C3FA3-12EF-4800-8D3B-C5BF64C4A685}.Debug|x64.Build.0 = Debug|x64
		{574C3FA3-12EF-4800-8D3B-C5BF64C4A685}.Debug|x86.ActiveCfg = Debug|Win32
		{574C3FA3-12EF-4800-8D3B-C5BF64C4A685}.Debug|x86.Build.0 = Debug|Win32
		{574C3FA3-12EF-4800-8D3B-C5BF64C4A685}.Release|x64.ActiveCfg = Release|x64
		{574C3FA3-12EF-4800-8D3B-C5BF64C4A685}.Release|x64.Build.0 = Release|x64
		{574C3FA3-12EF-4800-8D3B-C5BF64C4A685}.Release|x86.ActiveCfg = Release|Win32
		{574C3FA3-12EF-4800-8D3B-C5BF64C4A685}.Release|x86.Build.0 = Release|Win32
		{2EB475DC-B029-4485-8249-24D3DAF85647}.Debug|x64.ActiveCfg = Debug|x64
		{2EB475DC-B029-4485-8249-24D3DAF85647}.Debug|x64.Build.0 = Debug|x64
		{2EB475DC-B029-4485-8249-24D3DAF85647}.Debug|x86.ActiveCfg = Debug|Win32
		{2EB475DC-B029-4485-8249-24D3DAF85647}.Debug|x86.Build.0 = Debug|Win32
		{2EB475DC-B029-4485-8249-24D3DAF85647}.Release|x64.ActiveCfg = Release|x64
		{2EB475DC-B029-4485-8249-24D3DAF85647}.Release|x64.Build.0 = Release|x64
		{2EB475DC-B029-4485-8249-24D3DAF85647}.Release|x86.ActiveCfg = Release|Win32
		{2EB475DC-B029-4485-8249-24D3DAF85647}.Release|x86.Build.0 = Release|Win32
	EndGlobalSection
	GlobalSection(SolutionProperties) = preSolution
		HideSolutionNode = FALSE
	EndGlobalSection
	GlobalSection(ExtensibilityGlobals) = postSolution
		SolutionGuid = {590916C0-D2C8-4A78-B572-134C8B2E3C8B}
	EndGlobalSection
EndGlobal
